# THIS IS AN AUTOGENERATED FILE. DO NOT EDIT THIS FILE DIRECTLY.
# yarn lockfile v1


finput@2.0.1:
  version "2.0.1"
  resolved "https://registry.yarnpkg.com/finput/-/finput-2.0.1.tgz#fcdc7b14295aaaa59ff6b5367566a5ba0e48dcdb"
  integrity sha512-6tjA3Cs9Z816VvLIzmHLcWhqsLeLdREEDaFdG9WJi15PQUgXrSq1CkIrun61gOa8Cx+aHKUToUFgxCJOu9nrxw==
  dependencies:
    is_js "0.9.0"

is_js@0.9.0:
  version "0.9.0"
  resolved "https://registry.yarnpkg.com/is_js/-/is_js-0.9.0.tgz#0ab94540502ba7afa24c856aa985561669e9c52d"
  integrity sha1-CrlFQFArp6+iTIVqqYVWFmnpxS0=

tslib@^2.0.0:
  version "2.1.0"
  resolved "https://registry.yarnpkg.com/tslib/-/tslib-2.1.0.tgz#da60860f1c2ecaa5703ab7d39bc05b6bf988b97a"
  integrity sha512-hcVC3wYEziELGGmEEXue7D75zbwIIVUMWAVbHItGPx0ziyXxrOMQx4rQEVEV45Ut/1IotuEvwqPopzIOkDMf0A==
